// !$*UTF8*$!
{
	archiveVersion = 1;
	classes = {
	};
	objectVersion = 50;
	objects = {

/* Begin PBXBuildFile section */
		081D647E254A24C500251525 /* Item+CoreDataHelpers.swift in Sources */ = {isa = PBXBuildFile; fileRef = 081D647D254A24C500251525 /* Item+CoreDataHelpers.swift */; };
		081D6481254A259800251525 /* Project+CoreDataHelpers.swift in Sources */ = {isa = PBXBuildFile; fileRef = 081D6480254A259800251525 /* Project+CoreDataHelpers.swift */; };
		081E17452565AD3300782DF2 /* Awards.json in Resources */ = {isa = PBXBuildFile; fileRef = 081E17442565AD3300782DF2 /* Awards.json */; };
		081E17482565AE1400782DF2 /* Award.swift in Sources */ = {isa = PBXBuildFile; fileRef = 081E17472565AE1400782DF2 /* Award.swift */; };
		081E174C2565AEC500782DF2 /* AwardsView.swift in Sources */ = {isa = PBXBuildFile; fileRef = 081E174B2565AEC500782DF2 /* AwardsView.swift */; };
		08687FC4255B30B1002C76BA /* Sequence-Sorting.swift in Sources */ = {isa = PBXBuildFile; fileRef = 08687FC3255B30B1002C76BA /* Sequence-Sorting.swift */; };
		08687FC9255B588A002C76BA /* SelectSomethingView.swift in Sources */ = {isa = PBXBuildFile; fileRef = 08687FC8255B588A002C76BA /* SelectSomethingView.swift */; };
		086D9F032548D30300C53200 /* PortfolioApp.swift in Sources */ = {isa = PBXBuildFile; fileRef = 086D9F022548D30300C53200 /* PortfolioApp.swift */; };
		086D9F052548D30300C53200 /* ContentView.swift in Sources */ = {isa = PBXBuildFile; fileRef = 086D9F042548D30300C53200 /* ContentView.swift */; };
		086D9F072548D30600C53200 /* Assets.xcassets in Resources */ = {isa = PBXBuildFile; fileRef = 086D9F062548D30600C53200 /* Assets.xcassets */; };
		086D9F0A2548D30600C53200 /* Preview Assets.xcassets in Resources */ = {isa = PBXBuildFile; fileRef = 086D9F092548D30600C53200 /* Preview Assets.xcassets */; };
		086D9F142548DB9D00C53200 /* Main.xcdatamodeld in Sources */ = {isa = PBXBuildFile; fileRef = 086D9F122548DB9D00C53200 /* Main.xcdatamodeld */; };
		086D9F172548DE6700C53200 /* DataController.swift in Sources */ = {isa = PBXBuildFile; fileRef = 086D9F162548DE6700C53200 /* DataController.swift */; };
		086D9F1D2548E66B00C53200 /* CloudKit.framework in Frameworks */ = {isa = PBXBuildFile; fileRef = 086D9F1C2548E66B00C53200 /* CloudKit.framework */; };
		086D9F1F2548ECAD00C53200 /* HomeView.swift in Sources */ = {isa = PBXBuildFile; fileRef = 086D9F1E2548ECAD00C53200 /* HomeView.swift */; };
		086D9F232548ED1100C53200 /* ProjectView.swift in Sources */ = {isa = PBXBuildFile; fileRef = 086D9F222548ED1100C53200 /* ProjectView.swift */; };
		08949F182550A43500E8ABFA /* ItemRowView.swift in Sources */ = {isa = PBXBuildFile; fileRef = 08949F172550A43500E8ABFA /* ItemRowView.swift */; };
		08949F1B2550A6D500E8ABFA /* Binding-OnChange.swift in Sources */ = {isa = PBXBuildFile; fileRef = 08949F1A2550A6D500E8ABFA /* Binding-OnChange.swift */; };
		08949F1E2550ABDA00E8ABFA /* ProjectHeaderView.swift in Sources */ = {isa = PBXBuildFile; fileRef = 08949F1D2550ABDA00E8ABFA /* ProjectHeaderView.swift */; };
		08949F212550AEEF00E8ABFA /* Colors.xcassets in Resources */ = {isa = PBXBuildFile; fileRef = 08949F202550AEEF00E8ABFA /* Colors.xcassets */; };
		08949F242550B00400E8ABFA /* EditProjectView.swift in Sources */ = {isa = PBXBuildFile; fileRef = 08949F232550B00400E8ABFA /* EditProjectView.swift */; };
		08E27DEC25509E4A008ED57B /* EditItemView.swift in Sources */ = {isa = PBXBuildFile; fileRef = 08E27DEB25509E4A008ED57B /* EditItemView.swift */; };
		08E300CD25647B9A00755D08 /* Bundle-Decodable.swift in Sources */ = {isa = PBXBuildFile; fileRef = 08E300CC25647B9A00755D08 /* Bundle-Decodable.swift */; };
/* End PBXBuildFile section */

/* Begin PBXFileReference section */
		081D647D254A24C500251525 /* Item+CoreDataHelpers.swift */ = {isa = PBXFileReference; lastKnownFileType = sourcecode.swift; path = "Item+CoreDataHelpers.swift"; sourceTree = "<group>"; };
		081D6480254A259800251525 /* Project+CoreDataHelpers.swift */ = {isa = PBXFileReference; lastKnownFileType = sourcecode.swift; path = "Project+CoreDataHelpers.swift"; sourceTree = "<group>"; };
		081E17442565AD3300782DF2 /* Awards.json */ = {isa = PBXFileReference; fileEncoding = 4; lastKnownFileType = text.json; path = Awards.json; sourceTree = "<group>"; };
		081E17472565AE1400782DF2 /* Award.swift */ = {isa = PBXFileReference; lastKnownFileType = sourcecode.swift; path = Award.swift; sourceTree = "<group>"; };
		081E174B2565AEC500782DF2 /* AwardsView.swift */ = {isa = PBXFileReference; lastKnownFileType = sourcecode.swift; path = AwardsView.swift; sourceTree = "<group>"; };
		08687FC3255B30B1002C76BA /* Sequence-Sorting.swift */ = {isa = PBXFileReference; lastKnownFileType = sourcecode.swift; path = "Sequence-Sorting.swift"; sourceTree = "<group>"; };
		08687FC8255B588A002C76BA /* SelectSomethingView.swift */ = {isa = PBXFileReference; lastKnownFileType = sourcecode.swift; path = SelectSomethingView.swift; sourceTree = "<group>"; };
		086D9EFF2548D30300C53200 /* Portfolio.app */ = {isa = PBXFileReference; explicitFileType = wrapper.application; includeInIndex = 0; path = Portfolio.app; sourceTree = BUILT_PRODUCTS_DIR; };
		086D9F022548D30300C53200 /* PortfolioApp.swift */ = {isa = PBXFileReference; lastKnownFileType = sourcecode.swift; path = PortfolioApp.swift; sourceTree = "<group>"; };
		086D9F042548D30300C53200 /* ContentView.swift */ = {isa = PBXFileReference; lastKnownFileType = sourcecode.swift; path = ContentView.swift; sourceTree = "<group>"; };
		086D9F062548D30600C53200 /* Assets.xcassets */ = {isa = PBXFileReference; lastKnownFileType = folder.assetcatalog; path = Assets.xcassets; sourceTree = "<group>"; };
		086D9F092548D30600C53200 /* Preview Assets.xcassets */ = {isa = PBXFileReference; lastKnownFileType = folder.assetcatalog; path = "Preview Assets.xcassets"; sourceTree = "<group>"; };
		086D9F0B2548D30600C53200 /* Info.plist */ = {isa = PBXFileReference; lastKnownFileType = text.plist.xml; path = Info.plist; sourceTree = "<group>"; };
		086D9F132548DB9D00C53200 /* Main.xcdatamodel */ = {isa = PBXFileReference; lastKnownFileType = wrapper.xcdatamodel; path = Main.xcdatamodel; sourceTree = "<group>"; };
		086D9F162548DE6700C53200 /* DataController.swift */ = {isa = PBXFileReference; lastKnownFileType = sourcecode.swift; path = DataController.swift; sourceTree = "<group>"; };
		086D9F192548E64000C53200 /* Portfolio.entitlements */ = {isa = PBXFileReference; lastKnownFileType = text.plist.entitlements; path = Portfolio.entitlements; sourceTree = "<group>"; };
		086D9F1C2548E66B00C53200 /* CloudKit.framework */ = {isa = PBXFileReference; lastKnownFileType = wrapper.framework; name = CloudKit.framework; path = System/Library/Frameworks/CloudKit.framework; sourceTree = SDKROOT; };
		086D9F1E2548ECAD00C53200 /* HomeView.swift */ = {isa = PBXFileReference; lastKnownFileType = sourcecode.swift; path = HomeView.swift; sourceTree = "<group>"; };
		086D9F222548ED1100C53200 /* ProjectView.swift */ = {isa = PBXFileReference; lastKnownFileType = sourcecode.swift; path = ProjectView.swift; sourceTree = "<group>"; };
		08949F172550A43500E8ABFA /* ItemRowView.swift */ = {isa = PBXFileReference; lastKnownFileType = sourcecode.swift; path = ItemRowView.swift; sourceTree = "<group>"; };
		08949F1A2550A6D500E8ABFA /* Binding-OnChange.swift */ = {isa = PBXFileReference; lastKnownFileType = sourcecode.swift; path = "Binding-OnChange.swift"; sourceTree = "<group>"; };
		08949F1D2550ABDA00E8ABFA /* ProjectHeaderView.swift */ = {isa = PBXFileReference; lastKnownFileType = sourcecode.swift; path = ProjectHeaderView.swift; sourceTree = "<group>"; };
		08949F202550AEEF00E8ABFA /* Colors.xcassets */ = {isa = PBXFileReference; lastKnownFileType = folder.assetcatalog; path = Colors.xcassets; sourceTree = "<group>"; };
		08949F232550B00400E8ABFA /* EditProjectView.swift */ = {isa = PBXFileReference; lastKnownFileType = sourcecode.swift; path = EditProjectView.swift; sourceTree = "<group>"; };
		08E27DEB25509E4A008ED57B /* EditItemView.swift */ = {isa = PBXFileReference; lastKnownFileType = sourcecode.swift; path = EditItemView.swift; sourceTree = "<group>"; };
		08E300CC25647B9A00755D08 /* Bundle-Decodable.swift */ = {isa = PBXFileReference; lastKnownFileType = sourcecode.swift; path = "Bundle-Decodable.swift"; sourceTree = "<group>"; };
/* End PBXFileReference section */

/* Begin PBXFrameworksBuildPhase section */
		086D9EFC2548D30300C53200 /* Frameworks */ = {
			isa = PBXFrameworksBuildPhase;
			buildActionMask = 2147483647;
			files = (
				086D9F1D2548E66B00C53200 /* CloudKit.framework in Frameworks */,
			);
			runOnlyForDeploymentPostprocessing = 0;
		};
/* End PBXFrameworksBuildPhase section */

/* Begin PBXGroup section */
		086D9EF62548D30300C53200 = {
			isa = PBXGroup;
			children = (
				086D9F012548D30300C53200 /* Portfolio */,
				086D9F002548D30300C53200 /* Products */,
				086D9F1B2548E66B00C53200 /* Frameworks */,
			);
			sourceTree = "<group>";
		};
		086D9F002548D30300C53200 /* Products */ = {
			isa = PBXGroup;
			children = (
				086D9EFF2548D30300C53200 /* Portfolio.app */,
			);
			name = Products;
			sourceTree = "<group>";
		};
		086D9F012548D30300C53200 /* Portfolio */ = {
			isa = PBXGroup;
			children = (
				086D9F192548E64000C53200 /* Portfolio.entitlements */,
				086D9F022548D30300C53200 /* PortfolioApp.swift */,
				086D9F162548DE6700C53200 /* DataController.swift */,
				086D9F042548D30300C53200 /* ContentView.swift */,
				086D9F1E2548ECAD00C53200 /* HomeView.swift */,
				086D9F222548ED1100C53200 /* ProjectView.swift */,
				08687FC8255B588A002C76BA /* SelectSomethingView.swift */,
				08949F172550A43500E8ABFA /* ItemRowView.swift */,
				08E27DEB25509E4A008ED57B /* EditItemView.swift */,
				08949F232550B00400E8ABFA /* EditProjectView.swift */,
				08949F1D2550ABDA00E8ABFA /* ProjectHeaderView.swift */,
				081E17472565AE1400782DF2 /* Award.swift */,
				081E174B2565AEC500782DF2 /* AwardsView.swift */,
				081D647D254A24C500251525 /* Item+CoreDataHelpers.swift */,
				081D6480254A259800251525 /* Project+CoreDataHelpers.swift */,
				08949F1A2550A6D500E8ABFA /* Binding-OnChange.swift */,
				08687FC3255B30B1002C76BA /* Sequence-Sorting.swift */,
				08E300CC25647B9A00755D08 /* Bundle-Decodable.swift */,
				086D9F122548DB9D00C53200 /* Main.xcdatamodeld */,
				081E17442565AD3300782DF2 /* Awards.json */,
				086D9F062548D30600C53200 /* Assets.xcassets */,
				08949F202550AEEF00E8ABFA /* Colors.xcassets */,
				086D9F0B2548D30600C53200 /* Info.plist */,
				086D9F082548D30600C53200 /* Preview Content */,
			);
			path = Portfolio;
			sourceTree = "<group>";
		};
		086D9F082548D30600C53200 /* Preview Content */ = {
			isa = PBXGroup;
			children = (
				086D9F092548D30600C53200 /* Preview Assets.xcassets */,
			);
			path = "Preview Content";
			sourceTree = "<group>";
		};
		086D9F1B2548E66B00C53200 /* Frameworks */ = {
			isa = PBXGroup;
			children = (
				086D9F1C2548E66B00C53200 /* CloudKit.framework */,
			);
			name = Frameworks;
			sourceTree = "<group>";
		};
/* End PBXGroup section */

/* Begin PBXNativeTarget section */
		086D9EFE2548D30300C53200 /* Portfolio */ = {
			isa = PBXNativeTarget;
			buildConfigurationList = 086D9F0E2548D30600C53200 /* Build configuration list for PBXNativeTarget "Portfolio" */;
			buildPhases = (
				086D9EFB2548D30300C53200 /* Sources */,
				086D9EFC2548D30300C53200 /* Frameworks */,
				086D9EFD2548D30300C53200 /* Resources */,
			);
			buildRules = (
			);
			dependencies = (
			);
			name = Portfolio;
			productName = Portfolio;
			productReference = 086D9EFF2548D30300C53200 /* Portfolio.app */;
			productType = "com.apple.product-type.application";
		};
/* End PBXNativeTarget section */

/* Begin PBXProject section */
		086D9EF72548D30300C53200 /* Project object */ = {
			isa = PBXProject;
			attributes = {
				LastSwiftUpdateCheck = 1210;
				LastUpgradeCheck = 1210;
				TargetAttributes = {
					086D9EFE2548D30300C53200 = {
						CreatedOnToolsVersion = 12.1;
					};
				};
			};
			buildConfigurationList = 086D9EFA2548D30300C53200 /* Build configuration list for PBXProject "Portfolio" */;
			compatibilityVersion = "Xcode 9.3";
			developmentRegion = en;
			hasScannedForEncodings = 0;
			knownRegions = (
				en,
				Base,
			);
			mainGroup = 086D9EF62548D30300C53200;
			productRefGroup = 086D9F002548D30300C53200 /* Products */;
			projectDirPath = "";
			projectRoot = "";
			targets = (
				086D9EFE2548D30300C53200 /* Portfolio */,
			);
		};
/* End PBXProject section */

/* Begin PBXResourcesBuildPhase section */
		086D9EFD2548D30300C53200 /* Resources */ = {
			isa = PBXResourcesBuildPhase;
			buildActionMask = 2147483647;
			files = (
				08949F212550AEEF00E8ABFA /* Colors.xcassets in Resources */,
				081E17452565AD3300782DF2 /* Awards.json in Resources */,
				086D9F0A2548D30600C53200 /* Preview Assets.xcassets in Resources */,
				086D9F072548D30600C53200 /* Assets.xcassets in Resources */,
			);
			runOnlyForDeploymentPostprocessing = 0;
		};
/* End PBXResourcesBuildPhase section */

/* Begin PBXSourcesBuildPhase section */
		086D9EFB2548D30300C53200 /* Sources */ = {
			isa = PBXSourcesBuildPhase;
			buildActionMask = 2147483647;
			files = (
				081D6481254A259800251525 /* Project+CoreDataHelpers.swift in Sources */,
				08949F1E2550ABDA00E8ABFA /* ProjectHeaderView.swift in Sources */,
				081E174C2565AEC500782DF2 /* AwardsView.swift in Sources */,
				086D9F232548ED1100C53200 /* ProjectView.swift in Sources */,
				086D9F142548DB9D00C53200 /* Main.xcdatamodeld in Sources */,
				08949F242550B00400E8ABFA /* EditProjectView.swift in Sources */,
				086D9F172548DE6700C53200 /* DataController.swift in Sources */,
				08687FC9255B588A002C76BA /* SelectSomethingView.swift in Sources */,
				081E17482565AE1400782DF2 /* Award.swift in Sources */,
				08949F182550A43500E8ABFA /* ItemRowView.swift in Sources */,
				086D9F052548D30300C53200 /* ContentView.swift in Sources */,
				08949F1B2550A6D500E8ABFA /* Binding-OnChange.swift in Sources */,
				08687FC4255B30B1002C76BA /* Sequence-Sorting.swift in Sources */,
				08E300CD25647B9A00755D08 /* Bundle-Decodable.swift in Sources */,
				086D9F1F2548ECAD00C53200 /* HomeView.swift in Sources */,
				086D9F032548D30300C53200 /* PortfolioApp.swift in Sources */,
				081D647E254A24C500251525 /* Item+CoreDataHelpers.swift in Sources */,
				08E27DEC25509E4A008ED57B /* EditItemView.swift in Sources */,
			);
			runOnlyForDeploymentPostprocessing = 0;
		};
/* End PBXSourcesBuildPhase section */

/* Begin XCBuildConfiguration section */
		086D9F0C2548D30600C53200 /* Debug */ = {
			isa = XCBuildConfiguration;
			buildSettings = {
				ALWAYS_SEARCH_USER_PATHS = NO;
				CLANG_ANALYZER_NONNULL = YES;
				CLANG_ANALYZER_NUMBER_OBJECT_CONVERSION = YES_AGGRESSIVE;
				CLANG_CXX_LANGUAGE_STANDARD = "gnu++14";
				CLANG_CXX_LIBRARY = "libc++";
				CLANG_ENABLE_MODULES = YES;
				CLANG_ENABLE_OBJC_ARC = YES;
				CLANG_ENABLE_OBJC_WEAK = YES;
				CLANG_WARN_BLOCK_CAPTURE_AUTORELEASING = YES;
				CLANG_WARN_BOOL_CONVERSION = YES;
				CLANG_WARN_COMMA = YES;
				CLANG_WARN_CONSTANT_CONVERSION = YES;
				CLANG_WARN_DEPRECATED_OBJC_IMPLEMENTATIONS = YES;
				CLANG_WARN_DIRECT_OBJC_ISA_USAGE = YES_ERROR;
				CLANG_WARN_DOCUMENTATION_COMMENTS = YES;
				CLANG_WARN_EMPTY_BODY = YES;
				CLANG_WARN_ENUM_CONVERSION = YES;
				CLANG_WARN_INFINITE_RECURSION = YES;
				CLANG_WARN_INT_CONVERSION = YES;
				CLANG_WARN_NON_LITERAL_NULL_CONVERSION = YES;
				CLANG_WARN_OBJC_IMPLICIT_RETAIN_SELF = YES;
				CLANG_WARN_OBJC_LITERAL_CONVERSION = YES;
				CLANG_WARN_OBJC_ROOT_CLASS = YES_ERROR;
				CLANG_WARN_QUOTED_INCLUDE_IN_FRAMEWORK_HEADER = YES;
				CLANG_WARN_RANGE_LOOP_ANALYSIS = YES;
				CLANG_WARN_STRICT_PROTOTYPES = YES;
				CLANG_WARN_SUSPICIOUS_MOVE = YES;
				CLANG_WARN_UNGUARDED_AVAILABILITY = YES_AGGRESSIVE;
				CLANG_WARN_UNREACHABLE_CODE = YES;
				CLANG_WARN__DUPLICATE_METHOD_MATCH = YES;
				COPY_PHASE_STRIP = NO;
				DEBUG_INFORMATION_FORMAT = dwarf;
				ENABLE_STRICT_OBJC_MSGSEND = YES;
				ENABLE_TESTABILITY = YES;
				GCC_C_LANGUAGE_STANDARD = gnu11;
				GCC_DYNAMIC_NO_PIC = NO;
				GCC_NO_COMMON_BLOCKS = YES;
				GCC_OPTIMIZATION_LEVEL = 0;
				GCC_PREPROCESSOR_DEFINITIONS = (
					"DEBUG=1",
					"$(inherited)",
				);
				GCC_WARN_64_TO_32_BIT_CONVERSION = YES;
				GCC_WARN_ABOUT_RETURN_TYPE = YES_ERROR;
				GCC_WARN_UNDECLARED_SELECTOR = YES;
				GCC_WARN_UNINITIALIZED_AUTOS = YES_AGGRESSIVE;
				GCC_WARN_UNUSED_FUNCTION = YES;
				GCC_WARN_UNUSED_VARIABLE = YES;
				IPHONEOS_DEPLOYMENT_TARGET = 14.1;
				MTL_ENABLE_DEBUG_INFO = INCLUDE_SOURCE;
				MTL_FAST_MATH = YES;
				ONLY_ACTIVE_ARCH = YES;
				SDKROOT = iphoneos;
				SWIFT_ACTIVE_COMPILATION_CONDITIONS = DEBUG;
				SWIFT_OPTIMIZATION_LEVEL = "-Onone";
			};
			name = Debug;
		};
		086D9F0D2548D30600C53200 /* Release */ = {
			isa = XCBuildConfiguration;
			buildSettings = {
				ALWAYS_SEARCH_USER_PATHS = NO;
				CLANG_ANALYZER_NONNULL = YES;
				CLANG_ANALYZER_NUMBER_OBJECT_CONVERSION = YES_AGGRESSIVE;
				CLANG_CXX_LANGUAGE_STANDARD = "gnu++14";
				CLANG_CXX_LIBRARY = "libc++";
				CLANG_ENABLE_MODULES = YES;
				CLANG_ENABLE_OBJC_ARC = YES;
				CLANG_ENABLE_OBJC_WEAK = YES;
				CLANG_WARN_BLOCK_CAPTURE_AUTORELEASING = YES;
				CLANG_WARN_BOOL_CONVERSION = YES;
				CLANG_WARN_COMMA = YES;
				CLANG_WARN_CONSTANT_CONVERSION = YES;
				CLANG_WARN_DEPRECATED_OBJC_IMPLEMENTATIONS = YES;
				CLANG_WARN_DIRECT_OBJC_ISA_USAGE = YES_ERROR;
				CLANG_WARN_DOCUMENTATION_COMMENTS = YES;
				CLANG_WARN_EMPTY_BODY = YES;
				CLANG_WARN_ENUM_CONVERSION = YES;
				CLANG_WARN_INFINITE_RECURSION = YES;
				CLANG_WARN_INT_CONVERSION = YES;
				CLANG_WARN_NON_LITERAL_NULL_CONVERSION = YES;
				CLANG_WARN_OBJC_IMPLICIT_RETAIN_SELF = YES;
				CLANG_WARN_OBJC_LITERAL_CONVERSION = YES;
				CLANG_WARN_OBJC_ROOT_CLASS = YES_ERROR;
				CLANG_WARN_QUOTED_INCLUDE_IN_FRAMEWORK_HEADER = YES;
				CLANG_WARN_RANGE_LOOP_ANALYSIS = YES;
				CLANG_WARN_STRICT_PROTOTYPES = YES;
				CLANG_WARN_SUSPICIOUS_MOVE = YES;
				CLANG_WARN_UNGUARDED_AVAILABILITY = YES_AGGRESSIVE;
				CLANG_WARN_UNREACHABLE_CODE = YES;
				CLANG_WARN__DUPLICATE_METHOD_MATCH = YES;
				COPY_PHASE_STRIP = NO;
				DEBUG_INFORMATION_FORMAT = "dwarf-with-dsym";
				ENABLE_NS_ASSERTIONS = NO;
				ENABLE_STRICT_OBJC_MSGSEND = YES;
				GCC_C_LANGUAGE_STANDARD = gnu11;
				GCC_NO_COMMON_BLOCKS = YES;
				GCC_WARN_64_TO_32_BIT_CONVERSION = YES;
				GCC_WARN_ABOUT_RETURN_TYPE = YES_ERROR;
				GCC_WARN_UNDECLARED_SELECTOR = YES;
				GCC_WARN_UNINITIALIZED_AUTOS = YES_AGGRESSIVE;
				GCC_WARN_UNUSED_FUNCTION = YES;
				GCC_WARN_UNUSED_VARIABLE = YES;
				IPHONEOS_DEPLOYMENT_TARGET = 14.1;
				MTL_ENABLE_DEBUG_INFO = NO;
				MTL_FAST_MATH = YES;
				SDKROOT = iphoneos;
				SWIFT_COMPILATION_MODE = wholemodule;
				SWIFT_OPTIMIZATION_LEVEL = "-O";
				VALIDATE_PRODUCT = YES;
			};
			name = Release;
		};
		086D9F0F2548D30600C53200 /* Debug */ = {
			isa = XCBuildConfiguration;
			buildSettings = {
				ASSETCATALOG_COMPILER_APPICON_NAME = AppIcon;
				ASSETCATALOG_COMPILER_GLOBAL_ACCENT_COLOR_NAME = AccentColor;
				CODE_SIGN_ENTITLEMENTS = Portfolio/Portfolio.entitlements;
				CODE_SIGN_STYLE = Automatic;
				DEVELOPMENT_ASSET_PATHS = "\"Portfolio/Preview Content\"";
				DEVELOPMENT_TEAM = TXRBZV7C7B;
				ENABLE_PREVIEWS = YES;
				INFOPLIST_FILE = Portfolio/Info.plist;
				IPHONEOS_DEPLOYMENT_TARGET = 14.0;
				LD_RUNPATH_SEARCH_PATHS = (
					"$(inherited)",
					"@executable_path/Frameworks",
				);
				PRODUCT_BUNDLE_IDENTIFIER = com.TopCode.Portfolio;
				PRODUCT_NAME = "$(TARGET_NAME)";
				SWIFT_VERSION = 5.0;
				TARGETED_DEVICE_FAMILY = "1,2";
			};
			name = Debug;
		};
		086D9F102548D30600C53200 /* Release */ = {
			isa = XCBuildConfiguration;
			buildSettings = {
				ASSETCATALOG_COMPILER_APPICON_NAME = AppIcon;
				ASSETCATALOG_COMPILER_GLOBAL_ACCENT_COLOR_NAME = AccentColor;
				CODE_SIGN_ENTITLEMENTS = Portfolio/Portfolio.entitlements;
				CODE_SIGN_STYLE = Automatic;
				DEVELOPMENT_ASSET_PATHS = "\"Portfolio/Preview Content\"";
				DEVELOPMENT_TEAM = TXRBZV7C7B;
				ENABLE_PREVIEWS = YES;
				INFOPLIST_FILE = Portfolio/Info.plist;
				IPHONEOS_DEPLOYMENT_TARGET = 14.0;
				LD_RUNPATH_SEARCH_PATHS = (
					"$(inherited)",
					"@executable_path/Frameworks",
				);
				PRODUCT_BUNDLE_IDENTIFIER = com.TopCode.Portfolio;
				PRODUCT_NAME = "$(TARGET_NAME)";
				SWIFT_VERSION = 5.0;
				TARGETED_DEVICE_FAMILY = "1,2";
			};
			name = Release;
		};
/* End XCBuildConfiguration section */

/* Begin XCConfigurationList section */
		086D9EFA2548D30300C53200 /* Build configuration list for PBXProject "Portfolio" */ = {
			isa = XCConfigurationList;
			buildConfigurations = (
				086D9F0C2548D30600C53200 /* Debug */,
				086D9F0D2548D30600C53200 /* Release */,
			);
			defaultConfigurationIsVisible = 0;
			defaultConfigurationName = Release;
		};
		086D9F0E2548D30600C53200 /* Build configuration list for PBXNativeTarget "Portfolio" */ = {
			isa = XCConfigurationList;
			buildConfigurations = (
				086D9F0F2548D30600C53200 /* Debug */,
				086D9F102548D30600C53200 /* Release */,
			);
			defaultConfigurationIsVisible = 0;
			defaultConfigurationName = Release;
		};
/* End XCConfigurationList section */

/* Begin XCVersionGroup section */
		086D9F122548DB9D00C53200 /* Main.xcdatamodeld */ = {
			isa = XCVersionGroup;
			children = (
				086D9F132548DB9D00C53200 /* Main.xcdatamodel */,
			);
			currentVersion = 086D9F132548DB9D00C53200 /* Main.xcdatamodel */;
			path = Main.xcdatamodeld;
			sourceTree = "<group>";
			versionGroupType = wrapper.xcdatamodel;
		};
/* End XCVersionGroup section */
	};
	rootObject = 086D9EF72548D30300C53200 /* Project object */;
}
